
Microsoft Visual Studio Solution File, Format Version 12.00
# Visual Studio Version 16
VisualStudioVersion = 16.0.29324.140
MinimumVisualStudioVersion = 10.0.40219.1
Project("{FAE04EC0-301F-11D3-BF4B-00C04F79EFBC}") = "MedianFilter", "MedianFilter\MedianFilter.csproj", "{5E3E5D13-CD13-4A32-A89F-261325C5E3EE}"
EndProject
Global
	GlobalSection(SolutionConfigurationPlatforms) = preSolution
		Debug|Any CPU = Debug|Any CPU
		Release|Any CPU = Release|Any CPU
	EndGlobalSection
	GlobalSection(ProjectConfigurationPlatforms) = postSolution
		{5E3E5D13-CD13-4A32-A89F-261325C5E3EE}.Debug|Any CPU.ActiveCfg = Debug|Any CPU
		{5E3E5D13-CD13-4A32-A89F-261325C5E3EE}.Debug|Any CPU.Build.0 = Debug|Any CPU
		{5E3E5D13-CD13-4A32-A89F-261325C5E3EE}.Release|Any CPU.ActiveCfg = Release|Any CPU
		{5E3E5D13-CD13-4A32-A89F-261325C5E3EE}.Release|Any CPU.Build.0 = Release|Any CPU
	EndGlobalSection
	GlobalSection(SolutionProperties) = preSolution
		HideSolutionNode = FALSE
	EndGlobalSection
	GlobalSection(ExtensibilityGlobals) = postSolution
		SolutionGuid = {DCFE1E61-C188-4861-A836-2E613FA4E9F0}
	EndGlobalSection
EndGlobal
